
Microsoft Visual Studio Solution File, Format Version 12.00
# Visual Studio Version 17
VisualStudioVersion = 17.10.35027.167
MinimumVisualStudioVersion = 10.0.40219.1
Project("{FAE04EC0-301F-11D3-BF4B-00C04F79EFBC}") = "TabBarHighlighterAndBadgePOC", "TabBarHighlighterAndBadgePOC.csproj", "{4269C2AF-7A56-4AC6-B280-E07B9AA8E737}"
EndProject
Global
	GlobalSection(SolutionConfigurationPlatforms) = preSolution
		Debug|Any CPU = Debug|Any CPU
		Release|Any CPU = Release|Any CPU
	EndGlobalSection
	GlobalSection(ProjectConfigurationPlatforms) = postSolution
		{4269C2AF-7A56-4AC6-B280-E07B9AA8E737}.Debug|Any CPU.ActiveCfg = Debug|Any CPU
		{4269C2AF-7A56-4AC6-B280-E07B9AA8E737}.Debug|Any CPU.Build.0 = Debug|Any CPU
		{4269C2AF-7A56-4AC6-B280-E07B9AA8E737}.Debug|Any CPU.Deploy.0 = Debug|Any CPU
		{4269C2AF-7A56-4AC6-B280-E07B9AA8E737}.Release|Any CPU.ActiveCfg = Release|Any CPU
		{4269C2AF-7A56-4AC6-B280-E07B9AA8E737}.Release|Any CPU.Build.0 = Release|Any CPU
		{4269C2AF-7A56-4AC6-B280-E07B9AA8E737}.Release|Any CPU.Deploy.0 = Release|Any CPU
	EndGlobalSection
	GlobalSection(SolutionProperties) = preSolution
		HideSolutionNode = FALSE
	EndGlobalSection
	GlobalSection(ExtensibilityGlobals) = postSolution
		SolutionGuid = {FAD4E487-E93E-4E19-BF09-4C110AB25048}
	EndGlobalSection
EndGlobal
